
Microsoft Visual Studio Solution File, Format Version 12.00
# Visual Studio 15
VisualStudioVersion = 15.0.26228.12
MinimumVisualStudioVersion = 10.0.40219.1
Project("{2150E333-8FDC-42A3-9474-1A3956D46DE8}") = "1.WebApp", "1.WebApp", "{5E1CA1D9-F3CB-4F30-B3C1-81B982BAB6ED}"
EndProject
Project("{2150E333-8FDC-42A3-9474-1A3956D46DE8}") = "2. Services", "2. Services", "{1C09AF31-89F7-4A97-8748-A4CCB64065CB}"
EndProject
Project("{9A19103F-16F7-4668-BE54-9A1E7A4F7556}") = "Microsoft.Knowzy.WebApp", "src\1. WebApp\Microsoft.Knowzy.WebApp\Microsoft.Knowzy.WebApp.csproj", "{2756A505-4131-40FB-B671-E84659856385}"
EndProject
Global
	GlobalSection(SolutionConfigurationPlatforms) = preSolution
		Debug|Any CPU = Debug|Any CPU
		Release|Any CPU = Release|Any CPU
	EndGlobalSection
	GlobalSection(ProjectConfigurationPlatforms) = postSolution
		{2756A505-4131-40FB-B671-E84659856385}.Debug|Any CPU.ActiveCfg = Debug|Any CPU
		{2756A505-4131-40FB-B671-E84659856385}.Debug|Any CPU.Build.0 = Debug|Any CPU
		{2756A505-4131-40FB-B671-E84659856385}.Release|Any CPU.ActiveCfg = Release|Any CPU
		{2756A505-4131-40FB-B671-E84659856385}.Release|Any CPU.Build.0 = Release|Any CPU
	EndGlobalSection
	GlobalSection(SolutionProperties) = preSolution
		HideSolutionNode = FALSE
	EndGlobalSection
	GlobalSection(NestedProjects) = preSolution
		{2756A505-4131-40FB-B671-E84659856385} = {5E1CA1D9-F3CB-4F30-B3C1-81B982BAB6ED}
	EndGlobalSection
EndGlobal
