
Microsoft Visual Studio Solution File, Format Version 12.00
# Visual Studio 15
VisualStudioVersion = 15.0.26228.12
MinimumVisualStudioVersion = 10.0.40219.1
Project("{2150E333-8FDC-42A3-9474-1A3956D46DE8}") = "1. WebApp", "1. WebApp", "{5E1CA1D9-F3CB-4F30-B3C1-81B982BAB6ED}"
EndProject
Project("{2150E333-8FDC-42A3-9474-1A3956D46DE8}") = "2. Services", "2. Services", "{1C09AF31-89F7-4A97-8748-A4CCB64065CB}"
EndProject
Project("{9A19103F-16F7-4668-BE54-9A1E7A4F7556}") = "Microsoft.Knowzy.WebApp", "src\1. WebApp\Microsoft.Knowzy.WebApp\Microsoft.Knowzy.WebApp.csproj", "{2756A505-4131-40FB-B671-E84659856385}"
EndProject
Project("{FAE04EC0-301F-11D3-BF4B-00C04F79EFBC}") = "Microsoft.Knowzy.Service.DataSource.Contracts", "src\2. Services\DataSourceService\Microsoft.Knowzy.Service.DataSource.Contracts\Microsoft.Knowzy.Service.DataSource.Contracts.csproj", "{0EA22DA1-B9F7-4FCF-B631-BFE8C6D166D7}"
EndProject
Project("{2150E333-8FDC-42A3-9474-1A3956D46DE8}") = "DataSource", "DataSource", "{2820687F-09BF-40D3-98D3-6A9DC8AE1C1E}"
EndProject
Project("{FAE04EC0-301F-11D3-BF4B-00C04F79EFBC}") = "Microsoft.Knowzy.Service.DataSource.Core", "src\2. Services\DataSourceService\Microsoft.Knowzy.Service.DataSource.Core\Microsoft.Knowzy.Service.DataSource.Core.csproj", "{CA292DF4-1980-4048-BCA8-F46DAC9478E1}"
EndProject
Project("{2150E333-8FDC-42A3-9474-1A3956D46DE8}") = "3. Domain", "3. Domain", "{1E29BA0E-66F1-4F2B-B1EB-1F5DD0C20205}"
EndProject
Project("{FAE04EC0-301F-11D3-BF4B-00C04F79EFBC}") = "Microsoft.Knowzy.Domain.Models", "src\3. Domain\Models\Microsoft.Knowzy.Domain.Models\Microsoft.Knowzy.Domain.Models.csproj", "{770CC402-FE12-4806-BE1E-3A624295376E}"
EndProject
Global
	GlobalSection(SolutionConfigurationPlatforms) = preSolution
		Debug|Any CPU = Debug|Any CPU
		Release|Any CPU = Release|Any CPU
	EndGlobalSection
	GlobalSection(ProjectConfigurationPlatforms) = postSolution
		{2756A505-4131-40FB-B671-E84659856385}.Debug|Any CPU.ActiveCfg = Debug|Any CPU
		{2756A505-4131-40FB-B671-E84659856385}.Debug|Any CPU.Build.0 = Debug|Any CPU
		{2756A505-4131-40FB-B671-E84659856385}.Release|Any CPU.ActiveCfg = Release|Any CPU
		{2756A505-4131-40FB-B671-E84659856385}.Release|Any CPU.Build.0 = Release|Any CPU
		{0EA22DA1-B9F7-4FCF-B631-BFE8C6D166D7}.Debug|Any CPU.ActiveCfg = Debug|Any CPU
		{0EA22DA1-B9F7-4FCF-B631-BFE8C6D166D7}.Debug|Any CPU.Build.0 = Debug|Any CPU
		{0EA22DA1-B9F7-4FCF-B631-BFE8C6D166D7}.Release|Any CPU.ActiveCfg = Release|Any CPU
		{0EA22DA1-B9F7-4FCF-B631-BFE8C6D166D7}.Release|Any CPU.Build.0 = Release|Any CPU
		{CA292DF4-1980-4048-BCA8-F46DAC9478E1}.Debug|Any CPU.ActiveCfg = Debug|Any CPU
		{CA292DF4-1980-4048-BCA8-F46DAC9478E1}.Debug|Any CPU.Build.0 = Debug|Any CPU
		{CA292DF4-1980-4048-BCA8-F46DAC9478E1}.Release|Any CPU.ActiveCfg = Release|Any CPU
		{CA292DF4-1980-4048-BCA8-F46DAC9478E1}.Release|Any CPU.Build.0 = Release|Any CPU
		{770CC402-FE12-4806-BE1E-3A624295376E}.Debug|Any CPU.ActiveCfg = Debug|Any CPU
		{770CC402-FE12-4806-BE1E-3A624295376E}.Debug|Any CPU.Build.0 = Debug|Any CPU
		{770CC402-FE12-4806-BE1E-3A624295376E}.Release|Any CPU.ActiveCfg = Release|Any CPU
		{770CC402-FE12-4806-BE1E-3A624295376E}.Release|Any CPU.Build.0 = Release|Any CPU
	EndGlobalSection
	GlobalSection(SolutionProperties) = preSolution
		HideSolutionNode = FALSE
	EndGlobalSection
	GlobalSection(NestedProjects) = preSolution
		{2756A505-4131-40FB-B671-E84659856385} = {5E1CA1D9-F3CB-4F30-B3C1-81B982BAB6ED}
		{0EA22DA1-B9F7-4FCF-B631-BFE8C6D166D7} = {2820687F-09BF-40D3-98D3-6A9DC8AE1C1E}
		{2820687F-09BF-40D3-98D3-6A9DC8AE1C1E} = {1C09AF31-89F7-4A97-8748-A4CCB64065CB}
		{CA292DF4-1980-4048-BCA8-F46DAC9478E1} = {2820687F-09BF-40D3-98D3-6A9DC8AE1C1E}
		{770CC402-FE12-4806-BE1E-3A624295376E} = {1E29BA0E-66F1-4F2B-B1EB-1F5DD0C20205}
	EndGlobalSection
EndGlobal
