
Microsoft Visual Studio Solution File, Format Version 12.00
# Visual Studio 15
VisualStudioVersion = 15.0.26403.7
MinimumVisualStudioVersion = 10.0.40219.1
Project("{FAE04EC0-301F-11D3-BF4B-00C04F79EFBC}") = "Microsoft.Knowzy.WPF", "src\Microsoft.Knowzy.WPF\Microsoft.Knowzy.WPF.csproj", "{A5C6D61A-0FD5-48F8-B574-4B46D188550B}"
EndProject
Project("{2150E333-8FDC-42A3-9474-1A3956D46DE8}") = "src", "src", "{494D40EA-694C-49FA-8347-840B8BF1BAD6}"
EndProject
Project("{2150E333-8FDC-42A3-9474-1A3956D46DE8}") = "Solution Items", "Solution Items", "{0202C4AB-A98F-4526-8AFB-5814E1571BF0}"
	ProjectSection(SolutionItems) = preProject
		.gitattributes = .gitattributes
		.gitignore = .gitignore
		README.md = README.md
	EndProjectSection
EndProject
Project("{FAE04EC0-301F-11D3-BF4B-00C04F79EFBC}") = "Microsoft.Knowzy.Domain", "src\Microsoft.Knowzy.Domain\Microsoft.Knowzy.Domain.csproj", "{F1F587FE-C52D-43DB-B82D-7531AEBB720A}"
EndProject
Project("{FAE04EC0-301F-11D3-BF4B-00C04F79EFBC}") = "Microsoft.Knowzy.Common", "src\Microsoft.Knowzy.Common\Microsoft.Knowzy.Common.csproj", "{B05257E2-FBEC-4CB5-8C87-1CC89E193CFD}"
EndProject
Project("{FAE04EC0-301F-11D3-BF4B-00C04F79EFBC}") = "Microsoft.Knowzy.JsonDataProvider", "src\Microsoft.KnowzyJsonDataProvider\Microsoft.Knowzy.JsonDataProvider.csproj", "{E7DFAAC0-BD7D-4391-9E74-C7310DF96559}"
EndProject
Project("{FAE04EC0-301F-11D3-BF4B-00C04F79EFBC}") = "Microsoft.Knowzy.Configuration", "src\Microsoft.Knowzy.Configuration\Microsoft.Knowzy.Configuration.csproj", "{98369EF9-AFFA-4164-92E1-9E449515AF1F}"
EndProject
Global
	GlobalSection(SolutionConfigurationPlatforms) = preSolution
		Debug|Any CPU = Debug|Any CPU
		Release|Any CPU = Release|Any CPU
	EndGlobalSection
	GlobalSection(ProjectConfigurationPlatforms) = postSolution
		{A5C6D61A-0FD5-48F8-B574-4B46D188550B}.Debug|Any CPU.ActiveCfg = Debug|Any CPU
		{A5C6D61A-0FD5-48F8-B574-4B46D188550B}.Debug|Any CPU.Build.0 = Debug|Any CPU
		{A5C6D61A-0FD5-48F8-B574-4B46D188550B}.Release|Any CPU.ActiveCfg = Release|Any CPU
		{A5C6D61A-0FD5-48F8-B574-4B46D188550B}.Release|Any CPU.Build.0 = Release|Any CPU
		{F1F587FE-C52D-43DB-B82D-7531AEBB720A}.Debug|Any CPU.ActiveCfg = Debug|Any CPU
		{F1F587FE-C52D-43DB-B82D-7531AEBB720A}.Debug|Any CPU.Build.0 = Debug|Any CPU
		{F1F587FE-C52D-43DB-B82D-7531AEBB720A}.Release|Any CPU.ActiveCfg = Release|Any CPU
		{F1F587FE-C52D-43DB-B82D-7531AEBB720A}.Release|Any CPU.Build.0 = Release|Any CPU
		{B05257E2-FBEC-4CB5-8C87-1CC89E193CFD}.Debug|Any CPU.ActiveCfg = Debug|Any CPU
		{B05257E2-FBEC-4CB5-8C87-1CC89E193CFD}.Debug|Any CPU.Build.0 = Debug|Any CPU
		{B05257E2-FBEC-4CB5-8C87-1CC89E193CFD}.Release|Any CPU.ActiveCfg = Release|Any CPU
		{B05257E2-FBEC-4CB5-8C87-1CC89E193CFD}.Release|Any CPU.Build.0 = Release|Any CPU
		{E7DFAAC0-BD7D-4391-9E74-C7310DF96559}.Debug|Any CPU.ActiveCfg = Debug|Any CPU
		{E7DFAAC0-BD7D-4391-9E74-C7310DF96559}.Debug|Any CPU.Build.0 = Debug|Any CPU
		{E7DFAAC0-BD7D-4391-9E74-C7310DF96559}.Release|Any CPU.ActiveCfg = Release|Any CPU
		{E7DFAAC0-BD7D-4391-9E74-C7310DF96559}.Release|Any CPU.Build.0 = Release|Any CPU
		{98369EF9-AFFA-4164-92E1-9E449515AF1F}.Debug|Any CPU.ActiveCfg = Debug|Any CPU
		{98369EF9-AFFA-4164-92E1-9E449515AF1F}.Debug|Any CPU.Build.0 = Debug|Any CPU
		{98369EF9-AFFA-4164-92E1-9E449515AF1F}.Release|Any CPU.ActiveCfg = Release|Any CPU
		{98369EF9-AFFA-4164-92E1-9E449515AF1F}.Release|Any CPU.Build.0 = Release|Any CPU
	EndGlobalSection
	GlobalSection(SolutionProperties) = preSolution
		HideSolutionNode = FALSE
	EndGlobalSection
	GlobalSection(NestedProjects) = preSolution
		{A5C6D61A-0FD5-48F8-B574-4B46D188550B} = {494D40EA-694C-49FA-8347-840B8BF1BAD6}
		{F1F587FE-C52D-43DB-B82D-7531AEBB720A} = {494D40EA-694C-49FA-8347-840B8BF1BAD6}
		{B05257E2-FBEC-4CB5-8C87-1CC89E193CFD} = {494D40EA-694C-49FA-8347-840B8BF1BAD6}
		{E7DFAAC0-BD7D-4391-9E74-C7310DF96559} = {494D40EA-694C-49FA-8347-840B8BF1BAD6}
		{98369EF9-AFFA-4164-92E1-9E449515AF1F} = {494D40EA-694C-49FA-8347-840B8BF1BAD6}
	EndGlobalSection
EndGlobal
