
Microsoft Visual Studio Solution File, Format Version 12.00
# Visual Studio 15
VisualStudioVersion = 15.0.26430.6
MinimumVisualStudioVersion = 10.0.40219.1
Project("{FAE04EC0-301F-11D3-BF4B-00C04F79EFBC}") = "Microsoft.Knowzy.WPF", "src\Microsoft.Knowzy.WPF\Microsoft.Knowzy.WPF.csproj", "{A5C6D61A-0FD5-48F8-B574-4B46D188550B}"
EndProject
Project("{2150E333-8FDC-42A3-9474-1A3956D46DE8}") = "src", "src", "{494D40EA-694C-49FA-8347-840B8BF1BAD6}"
EndProject
Project("{2150E333-8FDC-42A3-9474-1A3956D46DE8}") = "Solution Items", "Solution Items", "{0202C4AB-A98F-4526-8AFB-5814E1571BF0}"
	ProjectSection(SolutionItems) = preProject
		.gitattributes = .gitattributes
		.gitignore = .gitignore
		README.md = README.md
	EndProjectSection
EndProject
Project("{FAE04EC0-301F-11D3-BF4B-00C04F79EFBC}") = "Microsoft.Knowzy.Uwp", "src\Microsoft.Knowzy.Uwp\Microsoft.Knowzy.Uwp.csproj", "{0111809E-110B-4265-ACBF-AEB1A2901005}"
	ProjectSection(ProjectDependencies) = postProject
		{A5C6D61A-0FD5-48F8-B574-4B46D188550B} = {A5C6D61A-0FD5-48F8-B574-4B46D188550B}
	EndProjectSection
EndProject
Project("{FAE04EC0-301F-11D3-BF4B-00C04F79EFBC}") = "Microsoft.Knowzy.Debug", "src\Microsoft.Knowzy.Debug\Microsoft.Knowzy.Debug.vsdproj", "{3ED9A4CF-12B7-4CF1-9CCF-A9C7AA4C6DF4}"
	ProjectSection(ProjectDependencies) = postProject
		{A5C6D61A-0FD5-48F8-B574-4B46D188550B} = {A5C6D61A-0FD5-48F8-B574-4B46D188550B}
		{0111809E-110B-4265-ACBF-AEB1A2901005} = {0111809E-110B-4265-ACBF-AEB1A2901005}
	EndProjectSection
EndProject
Project("{FAE04EC0-301F-11D3-BF4B-00C04F79EFBC}") = "Microsoft.Knowzy.AppService", "src\Microsoft.Knowzy.AppService\Microsoft.Knowzy.AppService.csproj", "{4BB67913-116F-4C03-9C5C-797A4D047DEB}"
EndProject
Project("{FAE04EC0-301F-11D3-BF4B-00C04F79EFBC}") = "Microsoft.Knowzy.AuthenticationService", "src\Microsoft.Knowzy.AuthenticationService\Microsoft.Knowzy.AuthenticationService.csproj", "{268E5478-2A47-4C85-86AD-A18F485385AE}"
EndProject
Project("{FAE04EC0-301F-11D3-BF4B-00C04F79EFBC}") = "Microsoft.Knowzy.Common", "src\Microsoft.Knowzy.Common\Microsoft.Knowzy.Common.csproj", "{99E0AEB6-35DD-4792-826E-CEC83EC2A137}"
EndProject
Project("{FAE04EC0-301F-11D3-BF4B-00C04F79EFBC}") = "Microsoft.Knowzy.ConfigurationService", "src\Microsoft.Knowzy.ConfigurationService\Microsoft.Knowzy.ConfigurationService.csproj", "{EC6C7CB5-316A-4144-9776-F0B4710A5181}"
EndProject
Project("{FAE04EC0-301F-11D3-BF4B-00C04F79EFBC}") = "Microsoft.Knowzy.Domain", "src\Microsoft.Knowzy.Domain\Microsoft.Knowzy.Domain.csproj", "{E5ABA667-109A-40E2-B51B-CE9130AD0734}"
EndProject
Project("{FAE04EC0-301F-11D3-BF4B-00C04F79EFBC}") = "Microsoft.KnowzyJsonDataProvider", "src\Microsoft.KnowzyJsonDataProvider\Microsoft.KnowzyJsonDataProvider.csproj", "{2079A70D-2C88-4A7A-A10B-596C75C8EAB9}"
EndProject
Project("{FAE04EC0-301F-11D3-BF4B-00C04F79EFBC}") = "Microsoft.Knowzy.UwpHelpers", "src\Microsoft.Knowzy.UwpHelpers\Microsoft.Knowzy.UwpHelpers.csproj", "{9FBBAD51-3EA8-4048-8CE0-AF738AADB181}"
EndProject
Global
	GlobalSection(SolutionConfigurationPlatforms) = preSolution
		Debug|Any CPU = Debug|Any CPU
		Debug|ARM = Debug|ARM
		Debug|x64 = Debug|x64
		Debug|x86 = Debug|x86
		Release|Any CPU = Release|Any CPU
		Release|ARM = Release|ARM
		Release|x64 = Release|x64
		Release|x86 = Release|x86
	EndGlobalSection
	GlobalSection(ProjectConfigurationPlatforms) = postSolution
		{A5C6D61A-0FD5-48F8-B574-4B46D188550B}.Debug|Any CPU.ActiveCfg = Debug|Any CPU
		{A5C6D61A-0FD5-48F8-B574-4B46D188550B}.Debug|Any CPU.Build.0 = Debug|Any CPU
		{A5C6D61A-0FD5-48F8-B574-4B46D188550B}.Debug|ARM.ActiveCfg = Debug|Any CPU
		{A5C6D61A-0FD5-48F8-B574-4B46D188550B}.Debug|ARM.Build.0 = Debug|Any CPU
		{A5C6D61A-0FD5-48F8-B574-4B46D188550B}.Debug|x64.ActiveCfg = Debug|Any CPU
		{A5C6D61A-0FD5-48F8-B574-4B46D188550B}.Debug|x64.Build.0 = Debug|Any CPU
		{A5C6D61A-0FD5-48F8-B574-4B46D188550B}.Debug|x86.ActiveCfg = Debug|Any CPU
		{A5C6D61A-0FD5-48F8-B574-4B46D188550B}.Debug|x86.Build.0 = Debug|Any CPU
		{A5C6D61A-0FD5-48F8-B574-4B46D188550B}.Release|Any CPU.ActiveCfg = Release|Any CPU
		{A5C6D61A-0FD5-48F8-B574-4B46D188550B}.Release|Any CPU.Build.0 = Release|Any CPU
		{A5C6D61A-0FD5-48F8-B574-4B46D188550B}.Release|ARM.ActiveCfg = Release|Any CPU
		{A5C6D61A-0FD5-48F8-B574-4B46D188550B}.Release|ARM.Build.0 = Release|Any CPU
		{A5C6D61A-0FD5-48F8-B574-4B46D188550B}.Release|x64.ActiveCfg = Release|Any CPU
		{A5C6D61A-0FD5-48F8-B574-4B46D188550B}.Release|x64.Build.0 = Release|Any CPU
		{A5C6D61A-0FD5-48F8-B574-4B46D188550B}.Release|x86.ActiveCfg = Release|Any CPU
		{A5C6D61A-0FD5-48F8-B574-4B46D188550B}.Release|x86.Build.0 = Release|Any CPU
		{0111809E-110B-4265-ACBF-AEB1A2901005}.Debug|Any CPU.ActiveCfg = Release|x86
		{0111809E-110B-4265-ACBF-AEB1A2901005}.Debug|Any CPU.Build.0 = Release|x86
		{0111809E-110B-4265-ACBF-AEB1A2901005}.Debug|Any CPU.Deploy.0 = Release|x86
		{0111809E-110B-4265-ACBF-AEB1A2901005}.Debug|ARM.ActiveCfg = Debug|ARM
		{0111809E-110B-4265-ACBF-AEB1A2901005}.Debug|ARM.Build.0 = Debug|ARM
		{0111809E-110B-4265-ACBF-AEB1A2901005}.Debug|ARM.Deploy.0 = Debug|ARM
		{0111809E-110B-4265-ACBF-AEB1A2901005}.Debug|x64.ActiveCfg = Release|x64
		{0111809E-110B-4265-ACBF-AEB1A2901005}.Debug|x64.Build.0 = Release|x64
		{0111809E-110B-4265-ACBF-AEB1A2901005}.Debug|x64.Deploy.0 = Release|x64
		{0111809E-110B-4265-ACBF-AEB1A2901005}.Debug|x86.ActiveCfg = Release|x86
		{0111809E-110B-4265-ACBF-AEB1A2901005}.Debug|x86.Build.0 = Release|x86
		{0111809E-110B-4265-ACBF-AEB1A2901005}.Debug|x86.Deploy.0 = Release|x86
		{0111809E-110B-4265-ACBF-AEB1A2901005}.Release|Any CPU.ActiveCfg = Release|x86
		{0111809E-110B-4265-ACBF-AEB1A2901005}.Release|ARM.ActiveCfg = Release|ARM
		{0111809E-110B-4265-ACBF-AEB1A2901005}.Release|ARM.Build.0 = Release|ARM
		{0111809E-110B-4265-ACBF-AEB1A2901005}.Release|ARM.Deploy.0 = Release|ARM
		{0111809E-110B-4265-ACBF-AEB1A2901005}.Release|x64.ActiveCfg = Release|x64
		{0111809E-110B-4265-ACBF-AEB1A2901005}.Release|x64.Build.0 = Release|x64
		{0111809E-110B-4265-ACBF-AEB1A2901005}.Release|x64.Deploy.0 = Release|x64
		{0111809E-110B-4265-ACBF-AEB1A2901005}.Release|x86.ActiveCfg = Release|x86
		{0111809E-110B-4265-ACBF-AEB1A2901005}.Release|x86.Build.0 = Release|x86
		{0111809E-110B-4265-ACBF-AEB1A2901005}.Release|x86.Deploy.0 = Release|x86
		{3ED9A4CF-12B7-4CF1-9CCF-A9C7AA4C6DF4}.Debug|Any CPU.ActiveCfg = Debug|Any CPU
		{3ED9A4CF-12B7-4CF1-9CCF-A9C7AA4C6DF4}.Debug|Any CPU.Build.0 = Debug|Any CPU
		{3ED9A4CF-12B7-4CF1-9CCF-A9C7AA4C6DF4}.Debug|Any CPU.Deploy.0 = Debug|Any CPU
		{3ED9A4CF-12B7-4CF1-9CCF-A9C7AA4C6DF4}.Debug|ARM.ActiveCfg = Debug|ARM
		{3ED9A4CF-12B7-4CF1-9CCF-A9C7AA4C6DF4}.Debug|ARM.Build.0 = Debug|ARM
		{3ED9A4CF-12B7-4CF1-9CCF-A9C7AA4C6DF4}.Debug|ARM.Deploy.0 = Debug|ARM
		{3ED9A4CF-12B7-4CF1-9CCF-A9C7AA4C6DF4}.Debug|x64.ActiveCfg = Debug|x64
		{3ED9A4CF-12B7-4CF1-9CCF-A9C7AA4C6DF4}.Debug|x64.Build.0 = Debug|x64
		{3ED9A4CF-12B7-4CF1-9CCF-A9C7AA4C6DF4}.Debug|x64.Deploy.0 = Debug|x64
		{3ED9A4CF-12B7-4CF1-9CCF-A9C7AA4C6DF4}.Debug|x86.ActiveCfg = Debug|x86
		{3ED9A4CF-12B7-4CF1-9CCF-A9C7AA4C6DF4}.Debug|x86.Build.0 = Debug|x86
		{3ED9A4CF-12B7-4CF1-9CCF-A9C7AA4C6DF4}.Debug|x86.Deploy.0 = Debug|x86
		{3ED9A4CF-12B7-4CF1-9CCF-A9C7AA4C6DF4}.Release|Any CPU.ActiveCfg = Release|Any CPU
		{3ED9A4CF-12B7-4CF1-9CCF-A9C7AA4C6DF4}.Release|Any CPU.Build.0 = Release|Any CPU
		{3ED9A4CF-12B7-4CF1-9CCF-A9C7AA4C6DF4}.Release|Any CPU.Deploy.0 = Release|Any CPU
		{3ED9A4CF-12B7-4CF1-9CCF-A9C7AA4C6DF4}.Release|ARM.ActiveCfg = Release|ARM
		{3ED9A4CF-12B7-4CF1-9CCF-A9C7AA4C6DF4}.Release|ARM.Build.0 = Release|ARM
		{3ED9A4CF-12B7-4CF1-9CCF-A9C7AA4C6DF4}.Release|ARM.Deploy.0 = Release|ARM
		{3ED9A4CF-12B7-4CF1-9CCF-A9C7AA4C6DF4}.Release|x64.ActiveCfg = Release|x64
		{3ED9A4CF-12B7-4CF1-9CCF-A9C7AA4C6DF4}.Release|x64.Build.0 = Release|x64
		{3ED9A4CF-12B7-4CF1-9CCF-A9C7AA4C6DF4}.Release|x64.Deploy.0 = Release|x64
		{3ED9A4CF-12B7-4CF1-9CCF-A9C7AA4C6DF4}.Release|x86.ActiveCfg = Release|x86
		{3ED9A4CF-12B7-4CF1-9CCF-A9C7AA4C6DF4}.Release|x86.Build.0 = Release|x86
		{3ED9A4CF-12B7-4CF1-9CCF-A9C7AA4C6DF4}.Release|x86.Deploy.0 = Release|x86
		{4BB67913-116F-4C03-9C5C-797A4D047DEB}.Debug|Any CPU.ActiveCfg = Debug|Any CPU
		{4BB67913-116F-4C03-9C5C-797A4D047DEB}.Debug|Any CPU.Build.0 = Debug|Any CPU
		{4BB67913-116F-4C03-9C5C-797A4D047DEB}.Debug|ARM.ActiveCfg = Debug|ARM
		{4BB67913-116F-4C03-9C5C-797A4D047DEB}.Debug|ARM.Build.0 = Debug|ARM
		{4BB67913-116F-4C03-9C5C-797A4D047DEB}.Debug|x64.ActiveCfg = Debug|x64
		{4BB67913-116F-4C03-9C5C-797A4D047DEB}.Debug|x64.Build.0 = Debug|x64
		{4BB67913-116F-4C03-9C5C-797A4D047DEB}.Debug|x86.ActiveCfg = Debug|x86
		{4BB67913-116F-4C03-9C5C-797A4D047DEB}.Debug|x86.Build.0 = Debug|x86
		{4BB67913-116F-4C03-9C5C-797A4D047DEB}.Release|Any CPU.ActiveCfg = Release|Any CPU
		{4BB67913-116F-4C03-9C5C-797A4D047DEB}.Release|Any CPU.Build.0 = Release|Any CPU
		{4BB67913-116F-4C03-9C5C-797A4D047DEB}.Release|ARM.ActiveCfg = Release|ARM
		{4BB67913-116F-4C03-9C5C-797A4D047DEB}.Release|ARM.Build.0 = Release|ARM
		{4BB67913-116F-4C03-9C5C-797A4D047DEB}.Release|x64.ActiveCfg = Release|x64
		{4BB67913-116F-4C03-9C5C-797A4D047DEB}.Release|x64.Build.0 = Release|x64
		{4BB67913-116F-4C03-9C5C-797A4D047DEB}.Release|x86.ActiveCfg = Release|x86
		{4BB67913-116F-4C03-9C5C-797A4D047DEB}.Release|x86.Build.0 = Release|x86
		{268E5478-2A47-4C85-86AD-A18F485385AE}.Debug|Any CPU.ActiveCfg = Debug|Any CPU
		{268E5478-2A47-4C85-86AD-A18F485385AE}.Debug|Any CPU.Build.0 = Debug|Any CPU
		{268E5478-2A47-4C85-86AD-A18F485385AE}.Debug|ARM.ActiveCfg = Debug|Any CPU
		{268E5478-2A47-4C85-86AD-A18F485385AE}.Debug|ARM.Build.0 = Debug|Any CPU
		{268E5478-2A47-4C85-86AD-A18F485385AE}.Debug|x64.ActiveCfg = Debug|Any CPU
		{268E5478-2A47-4C85-86AD-A18F485385AE}.Debug|x64.Build.0 = Debug|Any CPU
		{268E5478-2A47-4C85-86AD-A18F485385AE}.Debug|x86.ActiveCfg = Debug|Any CPU
		{268E5478-2A47-4C85-86AD-A18F485385AE}.Debug|x86.Build.0 = Debug|Any CPU
		{268E5478-2A47-4C85-86AD-A18F485385AE}.Release|Any CPU.ActiveCfg = Release|Any CPU
		{268E5478-2A47-4C85-86AD-A18F485385AE}.Release|Any CPU.Build.0 = Release|Any CPU
		{268E5478-2A47-4C85-86AD-A18F485385AE}.Release|ARM.ActiveCfg = Release|Any CPU
		{268E5478-2A47-4C85-86AD-A18F485385AE}.Release|ARM.Build.0 = Release|Any CPU
		{268E5478-2A47-4C85-86AD-A18F485385AE}.Release|x64.ActiveCfg = Release|Any CPU
		{268E5478-2A47-4C85-86AD-A18F485385AE}.Release|x64.Build.0 = Release|Any CPU
		{268E5478-2A47-4C85-86AD-A18F485385AE}.Release|x86.ActiveCfg = Release|Any CPU
		{268E5478-2A47-4C85-86AD-A18F485385AE}.Release|x86.Build.0 = Release|Any CPU
		{99E0AEB6-35DD-4792-826E-CEC83EC2A137}.Debug|Any CPU.ActiveCfg = Debug|Any CPU
		{99E0AEB6-35DD-4792-826E-CEC83EC2A137}.Debug|Any CPU.Build.0 = Debug|Any CPU
		{99E0AEB6-35DD-4792-826E-CEC83EC2A137}.Debug|ARM.ActiveCfg = Debug|Any CPU
		{99E0AEB6-35DD-4792-826E-CEC83EC2A137}.Debug|ARM.Build.0 = Debug|Any CPU
		{99E0AEB6-35DD-4792-826E-CEC83EC2A137}.Debug|x64.ActiveCfg = Debug|Any CPU
		{99E0AEB6-35DD-4792-826E-CEC83EC2A137}.Debug|x64.Build.0 = Debug|Any CPU
		{99E0AEB6-35DD-4792-826E-CEC83EC2A137}.Debug|x86.ActiveCfg = Debug|Any CPU
		{99E0AEB6-35DD-4792-826E-CEC83EC2A137}.Debug|x86.Build.0 = Debug|Any CPU
		{99E0AEB6-35DD-4792-826E-CEC83EC2A137}.Release|Any CPU.ActiveCfg = Release|Any CPU
		{99E0AEB6-35DD-4792-826E-CEC83EC2A137}.Release|Any CPU.Build.0 = Release|Any CPU
		{99E0AEB6-35DD-4792-826E-CEC83EC2A137}.Release|ARM.ActiveCfg = Release|Any CPU
		{99E0AEB6-35DD-4792-826E-CEC83EC2A137}.Release|ARM.Build.0 = Release|Any CPU
		{99E0AEB6-35DD-4792-826E-CEC83EC2A137}.Release|x64.ActiveCfg = Release|Any CPU
		{99E0AEB6-35DD-4792-826E-CEC83EC2A137}.Release|x64.Build.0 = Release|Any CPU
		{99E0AEB6-35DD-4792-826E-CEC83EC2A137}.Release|x86.ActiveCfg = Release|Any CPU
		{99E0AEB6-35DD-4792-826E-CEC83EC2A137}.Release|x86.Build.0 = Release|Any CPU
		{EC6C7CB5-316A-4144-9776-F0B4710A5181}.Debug|Any CPU.ActiveCfg = Debug|Any CPU
		{EC6C7CB5-316A-4144-9776-F0B4710A5181}.Debug|Any CPU.Build.0 = Debug|Any CPU
		{EC6C7CB5-316A-4144-9776-F0B4710A5181}.Debug|ARM.ActiveCfg = Debug|Any CPU
		{EC6C7CB5-316A-4144-9776-F0B4710A5181}.Debug|ARM.Build.0 = Debug|Any CPU
		{EC6C7CB5-316A-4144-9776-F0B4710A5181}.Debug|x64.ActiveCfg = Debug|Any CPU
		{EC6C7CB5-316A-4144-9776-F0B4710A5181}.Debug|x64.Build.0 = Debug|Any CPU
		{EC6C7CB5-316A-4144-9776-F0B4710A5181}.Debug|x86.ActiveCfg = Debug|Any CPU
		{EC6C7CB5-316A-4144-9776-F0B4710A5181}.Debug|x86.Build.0 = Debug|Any CPU
		{EC6C7CB5-316A-4144-9776-F0B4710A5181}.Release|Any CPU.ActiveCfg = Release|Any CPU
		{EC6C7CB5-316A-4144-9776-F0B4710A5181}.Release|Any CPU.Build.0 = Release|Any CPU
		{EC6C7CB5-316A-4144-9776-F0B4710A5181}.Release|ARM.ActiveCfg = Release|Any CPU
		{EC6C7CB5-316A-4144-9776-F0B4710A5181}.Release|ARM.Build.0 = Release|Any CPU
		{EC6C7CB5-316A-4144-9776-F0B4710A5181}.Release|x64.ActiveCfg = Release|Any CPU
		{EC6C7CB5-316A-4144-9776-F0B4710A5181}.Release|x64.Build.0 = Release|Any CPU
		{EC6C7CB5-316A-4144-9776-F0B4710A5181}.Release|x86.ActiveCfg = Release|Any CPU
		{EC6C7CB5-316A-4144-9776-F0B4710A5181}.Release|x86.Build.0 = Release|Any CPU
		{E5ABA667-109A-40E2-B51B-CE9130AD0734}.Debug|Any CPU.ActiveCfg = Debug|Any CPU
		{E5ABA667-109A-40E2-B51B-CE9130AD0734}.Debug|Any CPU.Build.0 = Debug|Any CPU
		{E5ABA667-109A-40E2-B51B-CE9130AD0734}.Debug|ARM.ActiveCfg = Debug|Any CPU
		{E5ABA667-109A-40E2-B51B-CE9130AD0734}.Debug|ARM.Build.0 = Debug|Any CPU
		{E5ABA667-109A-40E2-B51B-CE9130AD0734}.Debug|x64.ActiveCfg = Debug|Any CPU
		{E5ABA667-109A-40E2-B51B-CE9130AD0734}.Debug|x64.Build.0 = Debug|Any CPU
		{E5ABA667-109A-40E2-B51B-CE9130AD0734}.Debug|x86.ActiveCfg = Debug|Any CPU
		{E5ABA667-109A-40E2-B51B-CE9130AD0734}.Debug|x86.Build.0 = Debug|Any CPU
		{E5ABA667-109A-40E2-B51B-CE9130AD0734}.Release|Any CPU.ActiveCfg = Release|Any CPU
		{E5ABA667-109A-40E2-B51B-CE9130AD0734}.Release|Any CPU.Build.0 = Release|Any CPU
		{E5ABA667-109A-40E2-B51B-CE9130AD0734}.Release|ARM.ActiveCfg = Release|Any CPU
		{E5ABA667-109A-40E2-B51B-CE9130AD0734}.Release|ARM.Build.0 = Release|Any CPU
		{E5ABA667-109A-40E2-B51B-CE9130AD0734}.Release|x64.ActiveCfg = Release|Any CPU
		{E5ABA667-109A-40E2-B51B-CE9130AD0734}.Release|x64.Build.0 = Release|Any CPU
		{E5ABA667-109A-40E2-B51B-CE9130AD0734}.Release|x86.ActiveCfg = Release|Any CPU
		{E5ABA667-109A-40E2-B51B-CE9130AD0734}.Release|x86.Build.0 = Release|Any CPU
		{2079A70D-2C88-4A7A-A10B-596C75C8EAB9}.Debug|Any CPU.ActiveCfg = Debug|Any CPU
		{2079A70D-2C88-4A7A-A10B-596C75C8EAB9}.Debug|Any CPU.Build.0 = Debug|Any CPU
		{2079A70D-2C88-4A7A-A10B-596C75C8EAB9}.Debug|ARM.ActiveCfg = Debug|Any CPU
		{2079A70D-2C88-4A7A-A10B-596C75C8EAB9}.Debug|ARM.Build.0 = Debug|Any CPU
		{2079A70D-2C88-4A7A-A10B-596C75C8EAB9}.Debug|x64.ActiveCfg = Debug|Any CPU
		{2079A70D-2C88-4A7A-A10B-596C75C8EAB9}.Debug|x64.Build.0 = Debug|Any CPU
		{2079A70D-2C88-4A7A-A10B-596C75C8EAB9}.Debug|x86.ActiveCfg = Debug|Any CPU
		{2079A70D-2C88-4A7A-A10B-596C75C8EAB9}.Debug|x86.Build.0 = Debug|Any CPU
		{2079A70D-2C88-4A7A-A10B-596C75C8EAB9}.Release|Any CPU.ActiveCfg = Release|Any CPU
		{2079A70D-2C88-4A7A-A10B-596C75C8EAB9}.Release|Any CPU.Build.0 = Release|Any CPU
		{2079A70D-2C88-4A7A-A10B-596C75C8EAB9}.Release|ARM.ActiveCfg = Release|Any CPU
		{2079A70D-2C88-4A7A-A10B-596C75C8EAB9}.Release|ARM.Build.0 = Release|Any CPU
		{2079A70D-2C88-4A7A-A10B-596C75C8EAB9}.Release|x64.ActiveCfg = Release|Any CPU
		{2079A70D-2C88-4A7A-A10B-596C75C8EAB9}.Release|x64.Build.0 = Release|Any CPU
		{2079A70D-2C88-4A7A-A10B-596C75C8EAB9}.Release|x86.ActiveCfg = Release|Any CPU
		{2079A70D-2C88-4A7A-A10B-596C75C8EAB9}.Release|x86.Build.0 = Release|Any CPU
		{9FBBAD51-3EA8-4048-8CE0-AF738AADB181}.Debug|Any CPU.ActiveCfg = Debug|Any CPU
		{9FBBAD51-3EA8-4048-8CE0-AF738AADB181}.Debug|Any CPU.Build.0 = Debug|Any CPU
		{9FBBAD51-3EA8-4048-8CE0-AF738AADB181}.Debug|ARM.ActiveCfg = Debug|Any CPU
		{9FBBAD51-3EA8-4048-8CE0-AF738AADB181}.Debug|ARM.Build.0 = Debug|Any CPU
		{9FBBAD51-3EA8-4048-8CE0-AF738AADB181}.Debug|x64.ActiveCfg = Debug|Any CPU
		{9FBBAD51-3EA8-4048-8CE0-AF738AADB181}.Debug|x64.Build.0 = Debug|Any CPU
		{9FBBAD51-3EA8-4048-8CE0-AF738AADB181}.Debug|x86.ActiveCfg = Debug|Any CPU
		{9FBBAD51-3EA8-4048-8CE0-AF738AADB181}.Debug|x86.Build.0 = Debug|Any CPU
		{9FBBAD51-3EA8-4048-8CE0-AF738AADB181}.Release|Any CPU.ActiveCfg = Release|Any CPU
		{9FBBAD51-3EA8-4048-8CE0-AF738AADB181}.Release|Any CPU.Build.0 = Release|Any CPU
		{9FBBAD51-3EA8-4048-8CE0-AF738AADB181}.Release|ARM.ActiveCfg = Release|Any CPU
		{9FBBAD51-3EA8-4048-8CE0-AF738AADB181}.Release|ARM.Build.0 = Release|Any CPU
		{9FBBAD51-3EA8-4048-8CE0-AF738AADB181}.Release|x64.ActiveCfg = Release|Any CPU
		{9FBBAD51-3EA8-4048-8CE0-AF738AADB181}.Release|x64.Build.0 = Release|Any CPU
		{9FBBAD51-3EA8-4048-8CE0-AF738AADB181}.Release|x86.ActiveCfg = Release|Any CPU
		{9FBBAD51-3EA8-4048-8CE0-AF738AADB181}.Release|x86.Build.0 = Release|Any CPU
	EndGlobalSection
	GlobalSection(SolutionProperties) = preSolution
		HideSolutionNode = FALSE
	EndGlobalSection
	GlobalSection(NestedProjects) = preSolution
		{A5C6D61A-0FD5-48F8-B574-4B46D188550B} = {494D40EA-694C-49FA-8347-840B8BF1BAD6}
		{0111809E-110B-4265-ACBF-AEB1A2901005} = {494D40EA-694C-49FA-8347-840B8BF1BAD6}
		{3ED9A4CF-12B7-4CF1-9CCF-A9C7AA4C6DF4} = {494D40EA-694C-49FA-8347-840B8BF1BAD6}
		{4BB67913-116F-4C03-9C5C-797A4D047DEB} = {494D40EA-694C-49FA-8347-840B8BF1BAD6}
		{268E5478-2A47-4C85-86AD-A18F485385AE} = {494D40EA-694C-49FA-8347-840B8BF1BAD6}
		{99E0AEB6-35DD-4792-826E-CEC83EC2A137} = {494D40EA-694C-49FA-8347-840B8BF1BAD6}
		{EC6C7CB5-316A-4144-9776-F0B4710A5181} = {494D40EA-694C-49FA-8347-840B8BF1BAD6}
		{E5ABA667-109A-40E2-B51B-CE9130AD0734} = {494D40EA-694C-49FA-8347-840B8BF1BAD6}
		{2079A70D-2C88-4A7A-A10B-596C75C8EAB9} = {494D40EA-694C-49FA-8347-840B8BF1BAD6}
		{9FBBAD51-3EA8-4048-8CE0-AF738AADB181} = {494D40EA-694C-49FA-8347-840B8BF1BAD6}
	EndGlobalSection
EndGlobal
